
Microsoft Visual Studio Solution File, Format Version 12.00
# Visual Studio 2013
VisualStudioVersion = 12.0.30501.0
MinimumVisualStudioVersion = 10.0.40219.1
Project("{FAE04EC0-301F-11D3-BF4B-00C04F79EFBC}") = "Controller", "testArdu\Controller.csproj", "{89C07736-6635-42AF-BCE1-F29C0A6513E3}"
EndProject
Project("{FAE04EC0-301F-11D3-BF4B-00C04F79EFBC}") = "Base", "PluginBase\Base.csproj", "{CAAD722A-B7B5-4373-807A-BD33451092EE}"
EndProject
Project("{FAE04EC0-301F-11D3-BF4B-00C04F79EFBC}") = "UI-Arduino", "UI-Arduino\UI-Arduino.csproj", "{FCA5BA41-1E99-4825-B5EA-EC0D6EA14A44}"
EndProject
Project("{2150E333-8FDC-42A3-9474-1A3956D46DE8}") = "Arduino", "Arduino", "{CAB9F44B-5170-4A5A-9BA7-BC00637F2639}"
	ProjectSection(SolutionItems) = preProject
		..\NANO-WorkingJSON\NANO-WorkingJSON-CNY70\NANO-WorkingJSON-CNY70.ino = ..\NANO-WorkingJSON\NANO-WorkingJSON-CNY70\NANO-WorkingJSON-CNY70.ino
		..\NANO-WorkingJSON\NANO-WorkingJSON-TCRT5000-v2\NANO-WorkingJSON-TCRT5000-v2.ino = ..\NANO-WorkingJSON\NANO-WorkingJSON-TCRT5000-v2\NANO-WorkingJSON-TCRT5000-v2.ino
		..\NANO-WorkingJSON\NANO-WorkingJSON-TCRT5000-v3\NANO-WorkingJSON-TCRT5000-v3.ino = ..\NANO-WorkingJSON\NANO-WorkingJSON-TCRT5000-v3\NANO-WorkingJSON-TCRT5000-v3.ino
		..\NANO-WorkingJSON\NANO-WorkingJSON-TCRT5000\NANO-WorkingJSON-TCRT5000.ino = ..\NANO-WorkingJSON\NANO-WorkingJSON-TCRT5000\NANO-WorkingJSON-TCRT5000.ino
	EndProjectSection
EndProject
Project("{2150E333-8FDC-42A3-9474-1A3956D46DE8}") = "Database", "Database", "{5B689CF4-B05D-4534-99A6-033370EAAACE}"
	ProjectSection(SolutionItems) = preProject
		..\Database\test_daniel.mdf = ..\Database\test_daniel.mdf
		..\Database\test_daniel_log.LDF = ..\Database\test_daniel_log.LDF
	EndProjectSection
EndProject
Global
	GlobalSection(SubversionScc) = preSolution
		Svn-Managed = True
		Manager = AnkhSVN - Subversion Support for Visual Studio
	EndGlobalSection
	GlobalSection(SolutionConfigurationPlatforms) = preSolution
		Debug|Any CPU = Debug|Any CPU
		Release|Any CPU = Release|Any CPU
	EndGlobalSection
	GlobalSection(ProjectConfigurationPlatforms) = postSolution
		{89C07736-6635-42AF-BCE1-F29C0A6513E3}.Debug|Any CPU.ActiveCfg = Debug|Any CPU
		{89C07736-6635-42AF-BCE1-F29C0A6513E3}.Debug|Any CPU.Build.0 = Debug|Any CPU
		{89C07736-6635-42AF-BCE1-F29C0A6513E3}.Release|Any CPU.ActiveCfg = Release|Any CPU
		{89C07736-6635-42AF-BCE1-F29C0A6513E3}.Release|Any CPU.Build.0 = Release|Any CPU
		{CAAD722A-B7B5-4373-807A-BD33451092EE}.Debug|Any CPU.ActiveCfg = Debug|Any CPU
		{CAAD722A-B7B5-4373-807A-BD33451092EE}.Debug|Any CPU.Build.0 = Debug|Any CPU
		{CAAD722A-B7B5-4373-807A-BD33451092EE}.Release|Any CPU.ActiveCfg = Release|Any CPU
		{CAAD722A-B7B5-4373-807A-BD33451092EE}.Release|Any CPU.Build.0 = Release|Any CPU
		{FCA5BA41-1E99-4825-B5EA-EC0D6EA14A44}.Debug|Any CPU.ActiveCfg = Debug|Any CPU
		{FCA5BA41-1E99-4825-B5EA-EC0D6EA14A44}.Debug|Any CPU.Build.0 = Debug|Any CPU
		{FCA5BA41-1E99-4825-B5EA-EC0D6EA14A44}.Release|Any CPU.ActiveCfg = Release|Any CPU
		{FCA5BA41-1E99-4825-B5EA-EC0D6EA14A44}.Release|Any CPU.Build.0 = Release|Any CPU
	EndGlobalSection
	GlobalSection(SolutionProperties) = preSolution
		HideSolutionNode = FALSE
	EndGlobalSection
EndGlobal
